
Microsoft Visual Studio Solution File, Format Version 12.00
# Visual Studio Version 17
VisualStudioVersion = 17.14.36203.30 d17.14
MinimumVisualStudioVersion = 10.0.40219.1
Project("{FAE04EC0-301F-11D3-BF4B-00C04F79EFBC}") = "BugHuntApp", "BugHuntApp.csproj", "{599D4A53-D858-472C-95AE-1E76788DE6F2}"
EndProject
Global
	GlobalSection(SolutionConfigurationPlatforms) = preSolution
		Debug|Any CPU = Debug|Any CPU
		Release|Any CPU = Release|Any CPU
	EndGlobalSection
	GlobalSection(ProjectConfigurationPlatforms) = postSolution
		{599D4A53-D858-472C-95AE-1E76788DE6F2}.Debug|Any CPU.ActiveCfg = Debug|Any CPU
		{599D4A53-D858-472C-95AE-1E76788DE6F2}.Debug|Any CPU.Build.0 = Debug|Any CPU
		{599D4A53-D858-472C-95AE-1E76788DE6F2}.Release|Any CPU.ActiveCfg = Release|Any CPU
		{599D4A53-D858-472C-95AE-1E76788DE6F2}.Release|Any CPU.Build.0 = Release|Any CPU
	EndGlobalSection
	GlobalSection(SolutionProperties) = preSolution
		HideSolutionNode = FALSE
	EndGlobalSection
	GlobalSection(ExtensibilityGlobals) = postSolution
		SolutionGuid = {0D8138EE-4B4A-4327-97E9-B377E19B743F}
	EndGlobalSection
EndGlobal
